
Microsoft Visual Studio Solution File, Format Version 12.00
# Visual Studio 14
VisualStudioVersion = 14.0.25420.1
MinimumVisualStudioVersion = 10.0.40219.1
Project("{FAE04EC0-301F-11D3-BF4B-00C04F79EFBC}") = "RhombusofStars", "RhombusofStars\RhombusofStars.csproj", "{E45AADDB-3AF2-4A3B-A943-63FC9C2787E7}"
EndProject
Project("{FAE04EC0-301F-11D3-BF4B-00C04F79EFBC}") = "ChristmasTree", "ChristmasTree\ChristmasTree.csproj", "{8EA7466E-478F-45AD-BC8B-5339FD8D65B2}"
EndProject
Project("{FAE04EC0-301F-11D3-BF4B-00C04F79EFBC}") = "Sunglasses", "Sunglasses\Sunglasses.csproj", "{8E85BCA3-EC78-43F3-8790-0D84F0305303}"
EndProject
Project("{FAE04EC0-301F-11D3-BF4B-00C04F79EFBC}") = "House", "House\House.csproj", "{20D27BB8-99C8-4840-9B94-C31E0C508840}"
EndProject
Project("{FAE04EC0-301F-11D3-BF4B-00C04F79EFBC}") = "TriangleofDollars", "TriangleofDollars\TriangleofDollars.csproj", "{092B3C76-00E0-4F83-A282-642022B2E6E5}"
EndProject
Project("{FAE04EC0-301F-11D3-BF4B-00C04F79EFBC}") = "SquareofStars", "SquareofStars\SquareofStars.csproj", "{9139A666-490F-423E-A33A-2673FFA0B300}"
EndProject
Project("{FAE04EC0-301F-11D3-BF4B-00C04F79EFBC}") = "RectangleofNxNStars", "RectangleofNxNStars\RectangleofNxNStars.csproj", "{E0126583-3A25-4BAA-A8D1-DE1C2EBCD6B2}"
EndProject
Project("{FAE04EC0-301F-11D3-BF4B-00C04F79EFBC}") = "Rectangleof10x10Stars", "Rectangleof10x10Stars\Rectangleof10x10Stars.csproj", "{975A02FC-7EA1-4598-86A3-BC1F20D4DE87}"
EndProject
Project("{FAE04EC0-301F-11D3-BF4B-00C04F79EFBC}") = "SquareFrame", "SquareFrame\SquareFrame.csproj", "{F632E191-A428-4F9E-94A4-7D3DC5A3768F}"
EndProject
Global
	GlobalSection(SolutionConfigurationPlatforms) = preSolution
		Debug|Any CPU = Debug|Any CPU
		Release|Any CPU = Release|Any CPU
	EndGlobalSection
	GlobalSection(ProjectConfigurationPlatforms) = postSolution
		{E45AADDB-3AF2-4A3B-A943-63FC9C2787E7}.Debug|Any CPU.ActiveCfg = Debug|Any CPU
		{E45AADDB-3AF2-4A3B-A943-63FC9C2787E7}.Debug|Any CPU.Build.0 = Debug|Any CPU
		{E45AADDB-3AF2-4A3B-A943-63FC9C2787E7}.Release|Any CPU.ActiveCfg = Release|Any CPU
		{E45AADDB-3AF2-4A3B-A943-63FC9C2787E7}.Release|Any CPU.Build.0 = Release|Any CPU
		{8EA7466E-478F-45AD-BC8B-5339FD8D65B2}.Debug|Any CPU.ActiveCfg = Debug|Any CPU
		{8EA7466E-478F-45AD-BC8B-5339FD8D65B2}.Debug|Any CPU.Build.0 = Debug|Any CPU
		{8EA7466E-478F-45AD-BC8B-5339FD8D65B2}.Release|Any CPU.ActiveCfg = Release|Any CPU
		{8EA7466E-478F-45AD-BC8B-5339FD8D65B2}.Release|Any CPU.Build.0 = Release|Any CPU
		{8E85BCA3-EC78-43F3-8790-0D84F0305303}.Debug|Any CPU.ActiveCfg = Debug|Any CPU
		{8E85BCA3-EC78-43F3-8790-0D84F0305303}.Debug|Any CPU.Build.0 = Debug|Any CPU
		{8E85BCA3-EC78-43F3-8790-0D84F0305303}.Release|Any CPU.ActiveCfg = Release|Any CPU
		{8E85BCA3-EC78-43F3-8790-0D84F0305303}.Release|Any CPU.Build.0 = Release|Any CPU
		{20D27BB8-99C8-4840-9B94-C31E0C508840}.Debug|Any CPU.ActiveCfg = Debug|Any CPU
		{20D27BB8-99C8-4840-9B94-C31E0C508840}.Debug|Any CPU.Build.0 = Debug|Any CPU
		{20D27BB8-99C8-4840-9B94-C31E0C508840}.Release|Any CPU.ActiveCfg = Release|Any CPU
		{20D27BB8-99C8-4840-9B94-C31E0C508840}.Release|Any CPU.Build.0 = Release|Any CPU
		{092B3C76-00E0-4F83-A282-642022B2E6E5}.Debug|Any CPU.ActiveCfg = Debug|Any CPU
		{092B3C76-00E0-4F83-A282-642022B2E6E5}.Debug|Any CPU.Build.0 = Debug|Any CPU
		{092B3C76-00E0-4F83-A282-642022B2E6E5}.Release|Any CPU.ActiveCfg = Release|Any CPU
		{092B3C76-00E0-4F83-A282-642022B2E6E5}.Release|Any CPU.Build.0 = Release|Any CPU
		{9139A666-490F-423E-A33A-2673FFA0B300}.Debug|Any CPU.ActiveCfg = Debug|Any CPU
		{9139A666-490F-423E-A33A-2673FFA0B300}.Debug|Any CPU.Build.0 = Debug|Any CPU
		{9139A666-490F-423E-A33A-2673FFA0B300}.Release|Any CPU.ActiveCfg = Release|Any CPU
		{9139A666-490F-423E-A33A-2673FFA0B300}.Release|Any CPU.Build.0 = Release|Any CPU
		{E0126583-3A25-4BAA-A8D1-DE1C2EBCD6B2}.Debug|Any CPU.ActiveCfg = Debug|Any CPU
		{E0126583-3A25-4BAA-A8D1-DE1C2EBCD6B2}.Debug|Any CPU.Build.0 = Debug|Any CPU
		{E0126583-3A25-4BAA-A8D1-DE1C2EBCD6B2}.Release|Any CPU.ActiveCfg = Release|Any CPU
		{E0126583-3A25-4BAA-A8D1-DE1C2EBCD6B2}.Release|Any CPU.Build.0 = Release|Any CPU
		{975A02FC-7EA1-4598-86A3-BC1F20D4DE87}.Debug|Any CPU.ActiveCfg = Debug|Any CPU
		{975A02FC-7EA1-4598-86A3-BC1F20D4DE87}.Debug|Any CPU.Build.0 = Debug|Any CPU
		{975A02FC-7EA1-4598-86A3-BC1F20D4DE87}.Release|Any CPU.ActiveCfg = Release|Any CPU
		{975A02FC-7EA1-4598-86A3-BC1F20D4DE87}.Release|Any CPU.Build.0 = Release|Any CPU
		{F632E191-A428-4F9E-94A4-7D3DC5A3768F}.Debug|Any CPU.ActiveCfg = Debug|Any CPU
		{F632E191-A428-4F9E-94A4-7D3DC5A3768F}.Debug|Any CPU.Build.0 = Debug|Any CPU
		{F632E191-A428-4F9E-94A4-7D3DC5A3768F}.Release|Any CPU.ActiveCfg = Release|Any CPU
		{F632E191-A428-4F9E-94A4-7D3DC5A3768F}.Release|Any CPU.Build.0 = Release|Any CPU
	EndGlobalSection
	GlobalSection(SolutionProperties) = preSolution
		HideSolutionNode = FALSE
	EndGlobalSection
EndGlobal
